
Microsoft Visual Studio Solution File, Format Version 12.00
# Visual Studio Version 17
VisualStudioVersion = 17.7.34202.233
MinimumVisualStudioVersion = 10.0.40219.1
Project("{FAE04EC0-301F-11D3-BF4B-00C04F79EFBC}") = "HL_26_12_2023", "HL_26_12_2023.csproj", "{D9190BB5-67D3-4552-AC55-CFDF596D5944}"
EndProject
Global
	GlobalSection(SolutionConfigurationPlatforms) = preSolution
		Debug|Any CPU = Debug|Any CPU
		Release|Any CPU = Release|Any CPU
	EndGlobalSection
	GlobalSection(ProjectConfigurationPlatforms) = postSolution
		{D9190BB5-67D3-4552-AC55-CFDF596D5944}.Debug|Any CPU.ActiveCfg = Debug|Any CPU
		{D9190BB5-67D3-4552-AC55-CFDF596D5944}.Debug|Any CPU.Build.0 = Debug|Any CPU
		{D9190BB5-67D3-4552-AC55-CFDF596D5944}.Release|Any CPU.ActiveCfg = Release|Any CPU
		{D9190BB5-67D3-4552-AC55-CFDF596D5944}.Release|Any CPU.Build.0 = Release|Any CPU
	EndGlobalSection
	GlobalSection(SolutionProperties) = preSolution
		HideSolutionNode = FALSE
	EndGlobalSection
	GlobalSection(ExtensibilityGlobals) = postSolution
		SolutionGuid = {D836505C-2A10-4FE5-A20F-F2D419CA1333}
	EndGlobalSection
EndGlobal
